
Microsoft Visual Studio Solution File, Format Version 12.00
# Visual Studio Version 17
VisualStudioVersion = 17.4.33103.184
MinimumVisualStudioVersion = 10.0.40219.1
Project("{FAE04EC0-301F-11D3-BF4B-00C04F79EFBC}") = "PostComment", "PostComment\PostComment.csproj", "{4491A2B1-B218-4560-92A6-F3117CA21668}"
EndProject
Project("{FAE04EC0-301F-11D3-BF4B-00C04F79EFBC}") = "BLL", "BLL\BLL.csproj", "{4B7434AA-8C69-41AD-A63B-C152C96E7429}"
EndProject
Project("{FAE04EC0-301F-11D3-BF4B-00C04F79EFBC}") = "DAL", "DAL\DAL.csproj", "{7FF80825-5844-43D0-AF10-C84641350565}"
EndProject
Global
	GlobalSection(SolutionConfigurationPlatforms) = preSolution
		Debug|Any CPU = Debug|Any CPU
		Release|Any CPU = Release|Any CPU
	EndGlobalSection
	GlobalSection(ProjectConfigurationPlatforms) = postSolution
		{4491A2B1-B218-4560-92A6-F3117CA21668}.Debug|Any CPU.ActiveCfg = Debug|Any CPU
		{4491A2B1-B218-4560-92A6-F3117CA21668}.Debug|Any CPU.Build.0 = Debug|Any CPU
		{4491A2B1-B218-4560-92A6-F3117CA21668}.Release|Any CPU.ActiveCfg = Release|Any CPU
		{4491A2B1-B218-4560-92A6-F3117CA21668}.Release|Any CPU.Build.0 = Release|Any CPU
		{4B7434AA-8C69-41AD-A63B-C152C96E7429}.Debug|Any CPU.ActiveCfg = Debug|Any CPU
		{4B7434AA-8C69-41AD-A63B-C152C96E7429}.Debug|Any CPU.Build.0 = Debug|Any CPU
		{4B7434AA-8C69-41AD-A63B-C152C96E7429}.Release|Any CPU.ActiveCfg = Release|Any CPU
		{4B7434AA-8C69-41AD-A63B-C152C96E7429}.Release|Any CPU.Build.0 = Release|Any CPU
		{7FF80825-5844-43D0-AF10-C84641350565}.Debug|Any CPU.ActiveCfg = Debug|Any CPU
		{7FF80825-5844-43D0-AF10-C84641350565}.Debug|Any CPU.Build.0 = Debug|Any CPU
		{7FF80825-5844-43D0-AF10-C84641350565}.Release|Any CPU.ActiveCfg = Release|Any CPU
		{7FF80825-5844-43D0-AF10-C84641350565}.Release|Any CPU.Build.0 = Release|Any CPU
	EndGlobalSection
	GlobalSection(SolutionProperties) = preSolution
		HideSolutionNode = FALSE
	EndGlobalSection
	GlobalSection(ExtensibilityGlobals) = postSolution
		SolutionGuid = {7A5A39EC-181E-426F-84D5-56C1A14F5242}
	EndGlobalSection
EndGlobal
